// !$*UTF8*$!
{
	archiveVersion = 1;
	classes = {
	};
	objectVersion = 55;
	objects = {

/* Begin PBXBuildFile section */
		3264CA3529EC111E00BCEA74 /* LearnTextApp.swift in Sources */ = {isa = PBXBuildFile; fileRef = 3264CA2529EC111A00BCEA74 /* LearnTextApp.swift */; };
		3264CA3629EC111E00BCEA74 /* LearnTextApp.swift in Sources */ = {isa = PBXBuildFile; fileRef = 3264CA2529EC111A00BCEA74 /* LearnTextApp.swift */; };
		3264CA3729EC111E00BCEA74 /* ContentView.swift in Sources */ = {isa = PBXBuildFile; fileRef = 3264CA2629EC111A00BCEA74 /* ContentView.swift */; };
		3264CA3829EC111E00BCEA74 /* ContentView.swift in Sources */ = {isa = PBXBuildFile; fileRef = 3264CA2629EC111A00BCEA74 /* ContentView.swift */; };
		3264CA3929EC111E00BCEA74 /* Assets.xcassets in Resources */ = {isa = PBXBuildFile; fileRef = 3264CA2729EC111E00BCEA74 /* Assets.xcassets */; };
		3264CA3A29EC111E00BCEA74 /* Assets.xcassets in Resources */ = {isa = PBXBuildFile; fileRef = 3264CA2729EC111E00BCEA74 /* Assets.xcassets */; };
		3270139529EC19690006C5E1 /* LearningViewModel.swift in Sources */ = {isa = PBXBuildFile; fileRef = 3270139429EC19690006C5E1 /* LearningViewModel.swift */; };
		3270139629EC19690006C5E1 /* LearningViewModel.swift in Sources */ = {isa = PBXBuildFile; fileRef = 3270139429EC19690006C5E1 /* LearningViewModel.swift */; };
		3294EBC629EDBEF600B02215 /* EditingView.swift in Sources */ = {isa = PBXBuildFile; fileRef = 3294EBC529EDBEF600B02215 /* EditingView.swift */; };
		3294EBC729EDBEF600B02215 /* EditingView.swift in Sources */ = {isa = PBXBuildFile; fileRef = 3294EBC529EDBEF600B02215 /* EditingView.swift */; };
		3294EBC929EDBF2B00B02215 /* LearningView.swift in Sources */ = {isa = PBXBuildFile; fileRef = 3294EBC829EDBF2B00B02215 /* LearningView.swift */; };
		3294EBCA29EDBF2B00B02215 /* LearningView.swift in Sources */ = {isa = PBXBuildFile; fileRef = 3294EBC829EDBF2B00B02215 /* LearningView.swift */; };
		3294EBCF29F56CE300B02215 /* DebugSettings.swift in Sources */ = {isa = PBXBuildFile; fileRef = 3294EBCE29F56CE300B02215 /* DebugSettings.swift */; };
		3294EBD029F56CE300B02215 /* DebugSettings.swift in Sources */ = {isa = PBXBuildFile; fileRef = 3294EBCE29F56CE300B02215 /* DebugSettings.swift */; };
/* End PBXBuildFile section */

/* Begin PBXFileReference section */
		3264CA2529EC111A00BCEA74 /* LearnTextApp.swift */ = {isa = PBXFileReference; lastKnownFileType = sourcecode.swift; path = LearnTextApp.swift; sourceTree = "<group>"; };
		3264CA2629EC111A00BCEA74 /* ContentView.swift */ = {isa = PBXFileReference; lastKnownFileType = sourcecode.swift; path = ContentView.swift; sourceTree = "<group>"; };
		3264CA2729EC111E00BCEA74 /* Assets.xcassets */ = {isa = PBXFileReference; lastKnownFileType = folder.assetcatalog; path = Assets.xcassets; sourceTree = "<group>"; };
		3264CA2C29EC111E00BCEA74 /* LearnText.app */ = {isa = PBXFileReference; explicitFileType = wrapper.application; includeInIndex = 0; path = LearnText.app; sourceTree = BUILT_PRODUCTS_DIR; };
		3264CA3229EC111E00BCEA74 /* LearnText.app */ = {isa = PBXFileReference; explicitFileType = wrapper.application; includeInIndex = 0; path = LearnText.app; sourceTree = BUILT_PRODUCTS_DIR; };
		3264CA3429EC111E00BCEA74 /* macOS.entitlements */ = {isa = PBXFileReference; lastKnownFileType = text.plist.entitlements; path = macOS.entitlements; sourceTree = "<group>"; };
		3270139429EC19690006C5E1 /* LearningViewModel.swift */ = {isa = PBXFileReference; lastKnownFileType = sourcecode.swift; path = LearningViewModel.swift; sourceTree = "<group>"; };
		3294EBC529EDBEF600B02215 /* EditingView.swift */ = {isa = PBXFileReference; lastKnownFileType = sourcecode.swift; path = EditingView.swift; sourceTree = "<group>"; };
		3294EBC829EDBF2B00B02215 /* LearningView.swift */ = {isa = PBXFileReference; lastKnownFileType = sourcecode.swift; path = LearningView.swift; sourceTree = "<group>"; };
		3294EBCE29F56CE300B02215 /* DebugSettings.swift */ = {isa = PBXFileReference; lastKnownFileType = sourcecode.swift; path = DebugSettings.swift; sourceTree = "<group>"; };
/* End PBXFileReference section */

/* Begin PBXFrameworksBuildPhase section */
		3264CA2929EC111E00BCEA74 /* Frameworks */ = {
			isa = PBXFrameworksBuildPhase;
			buildActionMask = 2147483647;
			files = (
			);
			runOnlyForDeploymentPostprocessing = 0;
		};
		3264CA2F29EC111E00BCEA74 /* Frameworks */ = {
			isa = PBXFrameworksBuildPhase;
			buildActionMask = 2147483647;
			files = (
			);
			runOnlyForDeploymentPostprocessing = 0;
		};
/* End PBXFrameworksBuildPhase section */

/* Begin PBXGroup section */
		3264CA1F29EC111A00BCEA74 = {
			isa = PBXGroup;
			children = (
				3264CA2429EC111A00BCEA74 /* Shared */,
				3264CA3329EC111E00BCEA74 /* macOS */,
				3264CA2D29EC111E00BCEA74 /* Products */,
			);
			sourceTree = "<group>";
		};
		3264CA2429EC111A00BCEA74 /* Shared */ = {
			isa = PBXGroup;
			children = (
				3264CA2529EC111A00BCEA74 /* LearnTextApp.swift */,
				3264CA2629EC111A00BCEA74 /* ContentView.swift */,
				3264CA2729EC111E00BCEA74 /* Assets.xcassets */,
				3270139429EC19690006C5E1 /* LearningViewModel.swift */,
				3294EBC529EDBEF600B02215 /* EditingView.swift */,
				3294EBC829EDBF2B00B02215 /* LearningView.swift */,
				3294EBCE29F56CE300B02215 /* DebugSettings.swift */,
			);
			path = Shared;
			sourceTree = "<group>";
		};
		3264CA2D29EC111E00BCEA74 /* Products */ = {
			isa = PBXGroup;
			children = (
				3264CA2C29EC111E00BCEA74 /* LearnText.app */,
				3264CA3229EC111E00BCEA74 /* LearnText.app */,
			);
			name = Products;
			sourceTree = "<group>";
		};
		3264CA3329EC111E00BCEA74 /* macOS */ = {
			isa = PBXGroup;
			children = (
				3264CA3429EC111E00BCEA74 /* macOS.entitlements */,
			);
			path = macOS;
			sourceTree = "<group>";
		};
/* End PBXGroup section */

/* Begin PBXNativeTarget section */
		3264CA2B29EC111E00BCEA74 /* LearnText (iOS) */ = {
			isa = PBXNativeTarget;
			buildConfigurationList = 3264CA3D29EC111E00BCEA74 /* Build configuration list for PBXNativeTarget "LearnText (iOS)" */;
			buildPhases = (
				3264CA2829EC111E00BCEA74 /* Sources */,
				3264CA2929EC111E00BCEA74 /* Frameworks */,
				3264CA2A29EC111E00BCEA74 /* Resources */,
			);
			buildRules = (
			);
			dependencies = (
			);
			name = "LearnText (iOS)";
			productName = "LearnText (iOS)";
			productReference = 3264CA2C29EC111E00BCEA74 /* LearnText.app */;
			productType = "com.apple.product-type.application";
		};
		3264CA3129EC111E00BCEA74 /* LearnText (macOS) */ = {
			isa = PBXNativeTarget;
			buildConfigurationList = 3264CA4029EC111E00BCEA74 /* Build configuration list for PBXNativeTarget "LearnText (macOS)" */;
			buildPhases = (
				3264CA2E29EC111E00BCEA74 /* Sources */,
				3264CA2F29EC111E00BCEA74 /* Frameworks */,
				3264CA3029EC111E00BCEA74 /* Resources */,
			);
			buildRules = (
			);
			dependencies = (
			);
			name = "LearnText (macOS)";
			productName = "LearnText (macOS)";
			productReference = 3264CA3229EC111E00BCEA74 /* LearnText.app */;
			productType = "com.apple.product-type.application";
		};
/* End PBXNativeTarget section */

/* Begin PBXProject section */
		3264CA2029EC111A00BCEA74 /* Project object */ = {
			isa = PBXProject;
			attributes = {
				BuildIndependentTargetsInParallel = 1;
				LastSwiftUpdateCheck = 1340;
				LastUpgradeCheck = 1430;
				TargetAttributes = {
					3264CA2B29EC111E00BCEA74 = {
						CreatedOnToolsVersion = 13.4.1;
					};
					3264CA3129EC111E00BCEA74 = {
						CreatedOnToolsVersion = 13.4.1;
					};
				};
			};
			buildConfigurationList = 3264CA2329EC111A00BCEA74 /* Build configuration list for PBXProject "LearnText" */;
			compatibilityVersion = "Xcode 13.0";
			developmentRegion = en;
			hasScannedForEncodings = 0;
			knownRegions = (
				en,
				Base,
			);
			mainGroup = 3264CA1F29EC111A00BCEA74;
			productRefGroup = 3264CA2D29EC111E00BCEA74 /* Products */;
			projectDirPath = "";
			projectRoot = "";
			targets = (
				3264CA2B29EC111E00BCEA74 /* LearnText (iOS) */,
				3264CA3129EC111E00BCEA74 /* LearnText (macOS) */,
			);
		};
/* End PBXProject section */

/* Begin PBXResourcesBuildPhase section */
		3264CA2A29EC111E00BCEA74 /* Resources */ = {
			isa = PBXResourcesBuildPhase;
			buildActionMask = 2147483647;
			files = (
				3264CA3929EC111E00BCEA74 /* Assets.xcassets in Resources */,
			);
			runOnlyForDeploymentPostprocessing = 0;
		};
		3264CA3029EC111E00BCEA74 /* Resources */ = {
			isa = PBXResourcesBuildPhase;
			buildActionMask = 2147483647;
			files = (
				3264CA3A29EC111E00BCEA74 /* Assets.xcassets in Resources */,
			);
			runOnlyForDeploymentPostprocessing = 0;
		};
/* End PBXResourcesBuildPhase section */

/* Begin PBXSourcesBuildPhase section */
		3264CA2829EC111E00BCEA74 /* Sources */ = {
			isa = PBXSourcesBuildPhase;
			buildActionMask = 2147483647;
			files = (
				3270139529EC19690006C5E1 /* LearningViewModel.swift in Sources */,
				3264CA3729EC111E00BCEA74 /* ContentView.swift in Sources */,
				3294EBCF29F56CE300B02215 /* DebugSettings.swift in Sources */,
				3264CA3529EC111E00BCEA74 /* LearnTextApp.swift in Sources */,
				3294EBC929EDBF2B00B02215 /* LearningView.swift in Sources */,
				3294EBC629EDBEF600B02215 /* EditingView.swift in Sources */,
			);
			runOnlyForDeploymentPostprocessing = 0;
		};
		3264CA2E29EC111E00BCEA74 /* Sources */ = {
			isa = PBXSourcesBuildPhase;
			buildActionMask = 2147483647;
			files = (
				3270139629EC19690006C5E1 /* LearningViewModel.swift in Sources */,
				3264CA3829EC111E00BCEA74 /* ContentView.swift in Sources */,
				3294EBD029F56CE300B02215 /* DebugSettings.swift in Sources */,
				3264CA3629EC111E00BCEA74 /* LearnTextApp.swift in Sources */,
				3294EBCA29EDBF2B00B02215 /* LearningView.swift in Sources */,
				3294EBC729EDBEF600B02215 /* EditingView.swift in Sources */,
			);
			runOnlyForDeploymentPostprocessing = 0;
		};
/* End PBXSourcesBuildPhase section */

/* Begin XCBuildConfiguration section */
		3264CA3B29EC111E00BCEA74 /* Debug */ = {
			isa = XCBuildConfiguration;
			buildSettings = {
				ALWAYS_SEARCH_USER_PATHS = NO;
				CLANG_ANALYZER_NONNULL = YES;
				CLANG_ANALYZER_NUMBER_OBJECT_CONVERSION = YES_AGGRESSIVE;
				CLANG_CXX_LANGUAGE_STANDARD = "gnu++17";
				CLANG_ENABLE_MODULES = YES;
				CLANG_ENABLE_OBJC_ARC = YES;
				CLANG_ENABLE_OBJC_WEAK = YES;
				CLANG_WARN_BLOCK_CAPTURE_AUTORELEASING = YES;
				CLANG_WARN_BOOL_CONVERSION = YES;
				CLANG_WARN_COMMA = YES;
				CLANG_WARN_CONSTANT_CONVERSION = YES;
				CLANG_WARN_DEPRECATED_OBJC_IMPLEMENTATIONS = YES;
				CLANG_WARN_DIRECT_OBJC_ISA_USAGE = YES_ERROR;
				CLANG_WARN_DOCUMENTATION_COMMENTS = YES;
				CLANG_WARN_EMPTY_BODY = YES;
				CLANG_WARN_ENUM_CONVERSION = YES;
				CLANG_WARN_INFINITE_RECURSION = YES;
				CLANG_WARN_INT_CONVERSION = YES;
				CLANG_WARN_NON_LITERAL_NULL_CONVERSION = YES;
				CLANG_WARN_OBJC_IMPLICIT_RETAIN_SELF = YES;
				CLANG_WARN_OBJC_LITERAL_CONVERSION = YES;
				CLANG_WARN_OBJC_ROOT_CLASS = YES_ERROR;
				CLANG_WARN_QUOTED_INCLUDE_IN_FRAMEWORK_HEADER = YES;
				CLANG_WARN_RANGE_LOOP_ANALYSIS = YES;
				CLANG_WARN_STRICT_PROTOTYPES = YES;
				CLANG_WARN_SUSPICIOUS_MOVE = YES;
				CLANG_WARN_UNGUARDED_AVAILABILITY = YES_AGGRESSIVE;
				CLANG_WARN_UNREACHABLE_CODE = YES;
				CLANG_WARN__DUPLICATE_METHOD_MATCH = YES;
				COPY_PHASE_STRIP = NO;
				DEAD_CODE_STRIPPING = YES;
				DEBUG_INFORMATION_FORMAT = dwarf;
				ENABLE_STRICT_OBJC_MSGSEND = YES;
				ENABLE_TESTABILITY = YES;
				GCC_C_LANGUAGE_STANDARD = gnu11;
				GCC_DYNAMIC_NO_PIC = NO;
				GCC_NO_COMMON_BLOCKS = YES;
				GCC_OPTIMIZATION_LEVEL = 0;
				GCC_PREPROCESSOR_DEFINITIONS = (
					"DEBUG=1",
					"$(inherited)",
				);
				GCC_WARN_64_TO_32_BIT_CONVERSION = YES;
				GCC_WARN_ABOUT_RETURN_TYPE = YES_ERROR;
				GCC_WARN_UNDECLARED_SELECTOR = YES;
				GCC_WARN_UNINITIALIZED_AUTOS = YES_AGGRESSIVE;
				GCC_WARN_UNUSED_FUNCTION = YES;
				GCC_WARN_UNUSED_VARIABLE = YES;
				IPHONEOS_DEPLOYMENT_TARGET = 16.0;
				MTL_ENABLE_DEBUG_INFO = INCLUDE_SOURCE;
				MTL_FAST_MATH = YES;
				ONLY_ACTIVE_ARCH = YES;
				SWIFT_ACTIVE_COMPILATION_CONDITIONS = DEBUG;
				SWIFT_OPTIMIZATION_LEVEL = "-Onone";
			};
			name = Debug;
		};
		3264CA3C29EC111E00BCEA74 /* Release */ = {
			isa = XCBuildConfiguration;
			buildSettings = {
				ALWAYS_SEARCH_USER_PATHS = NO;
				CLANG_ANALYZER_NONNULL = YES;
				CLANG_ANALYZER_NUMBER_OBJECT_CONVERSION = YES_AGGRESSIVE;
				CLANG_CXX_LANGUAGE_STANDARD = "gnu++17";
				CLANG_ENABLE_MODULES = YES;
				CLANG_ENABLE_OBJC_ARC = YES;
				CLANG_ENABLE_OBJC_WEAK = YES;
				CLANG_WARN_BLOCK_CAPTURE_AUTORELEASING = YES;
				CLANG_WARN_BOOL_CONVERSION = YES;
				CLANG_WARN_COMMA = YES;
				CLANG_WARN_CONSTANT_CONVERSION = YES;
				CLANG_WARN_DEPRECATED_OBJC_IMPLEMENTATIONS = YES;
				CLANG_WARN_DIRECT_OBJC_ISA_USAGE = YES_ERROR;
				CLANG_WARN_DOCUMENTATION_COMMENTS = YES;
				CLANG_WARN_EMPTY_BODY = YES;
				CLANG_WARN_ENUM_CONVERSION = YES;
				CLANG_WARN_INFINITE_RECURSION = YES;
				CLANG_WARN_INT_CONVERSION = YES;
				CLANG_WARN_NON_LITERAL_NULL_CONVERSION = YES;
				CLANG_WARN_OBJC_IMPLICIT_RETAIN_SELF = YES;
				CLANG_WARN_OBJC_LITERAL_CONVERSION = YES;
				CLANG_WARN_OBJC_ROOT_CLASS = YES_ERROR;
				CLANG_WARN_QUOTED_INCLUDE_IN_FRAMEWORK_HEADER = YES;
				CLANG_WARN_RANGE_LOOP_ANALYSIS = YES;
				CLANG_WARN_STRICT_PROTOTYPES = YES;
				CLANG_WARN_SUSPICIOUS_MOVE = YES;
				CLANG_WARN_UNGUARDED_AVAILABILITY = YES_AGGRESSIVE;
				CLANG_WARN_UNREACHABLE_CODE = YES;
				CLANG_WARN__DUPLICATE_METHOD_MATCH = YES;
				COPY_PHASE_STRIP = NO;
				DEAD_CODE_STRIPPING = YES;
				DEBUG_INFORMATION_FORMAT = "dwarf-with-dsym";
				ENABLE_NS_ASSERTIONS = NO;
				ENABLE_STRICT_OBJC_MSGSEND = YES;
				GCC_C_LANGUAGE_STANDARD = gnu11;
				GCC_NO_COMMON_BLOCKS = YES;
				GCC_WARN_64_TO_32_BIT_CONVERSION = YES;
				GCC_WARN_ABOUT_RETURN_TYPE = YES_ERROR;
				GCC_WARN_UNDECLARED_SELECTOR = YES;
				GCC_WARN_UNINITIALIZED_AUTOS = YES_AGGRESSIVE;
				GCC_WARN_UNUSED_FUNCTION = YES;
				GCC_WARN_UNUSED_VARIABLE = YES;
				IPHONEOS_DEPLOYMENT_TARGET = 16.0;
				MTL_ENABLE_DEBUG_INFO = NO;
				MTL_FAST_MATH = YES;
				SWIFT_COMPILATION_MODE = wholemodule;
				SWIFT_OPTIMIZATION_LEVEL = "-O";
			};
			name = Release;
		};
		3264CA3E29EC111E00BCEA74 /* Debug */ = {
			isa = XCBuildConfiguration;
			buildSettings = {
				ASSETCATALOG_COMPILER_APPICON_NAME = AppIcon;
				ASSETCATALOG_COMPILER_GLOBAL_ACCENT_COLOR_NAME = AccentColor;
				CODE_SIGN_STYLE = Automatic;
				CURRENT_PROJECT_VERSION = 1;
				DEVELOPMENT_TEAM = WH8STN6L85;
				ENABLE_PREVIEWS = YES;
				GENERATE_INFOPLIST_FILE = YES;
				INFOPLIST_KEY_UIApplicationSceneManifest_Generation = YES;
				INFOPLIST_KEY_UIApplicationSupportsIndirectInputEvents = YES;
				INFOPLIST_KEY_UILaunchScreen_Generation = YES;
				INFOPLIST_KEY_UISupportedInterfaceOrientations_iPad = "UIInterfaceOrientationPortrait UIInterfaceOrientationPortraitUpsideDown UIInterfaceOrientationLandscapeLeft UIInterfaceOrientationLandscapeRight";
				INFOPLIST_KEY_UISupportedInterfaceOrientations_iPhone = "UIInterfaceOrientationPortrait UIInterfaceOrientationLandscapeLeft UIInterfaceOrientationLandscapeRight";
				IPHONEOS_DEPLOYMENT_TARGET = 15.5;
				LD_RUNPATH_SEARCH_PATHS = (
					"$(inherited)",
					"@executable_path/Frameworks",
				);
				MARKETING_VERSION = 1.0;
				PRODUCT_BUNDLE_IDENTIFIER = AlexanderStrokov.LearnText;
				PRODUCT_NAME = LearnText;
				SDKROOT = iphoneos;
				SWIFT_EMIT_LOC_STRINGS = YES;
				SWIFT_VERSION = 5.0;
				TARGETED_DEVICE_FAMILY = "1,2";
			};
			name = Debug;
		};
		3264CA3F29EC111E00BCEA74 /* Release */ = {
			isa = XCBuildConfiguration;
			buildSettings = {
				ASSETCATALOG_COMPILER_APPICON_NAME = AppIcon;
				ASSETCATALOG_COMPILER_GLOBAL_ACCENT_COLOR_NAME = AccentColor;
				CODE_SIGN_STYLE = Automatic;
				CURRENT_PROJECT_VERSION = 1;
				DEVELOPMENT_TEAM = WH8STN6L85;
				ENABLE_PREVIEWS = YES;
				GENERATE_INFOPLIST_FILE = YES;
				INFOPLIST_KEY_UIApplicationSceneManifest_Generation = YES;
				INFOPLIST_KEY_UIApplicationSupportsIndirectInputEvents = YES;
				INFOPLIST_KEY_UILaunchScreen_Generation = YES;
				INFOPLIST_KEY_UISupportedInterfaceOrientations_iPad = "UIInterfaceOrientationPortrait UIInterfaceOrientationPortraitUpsideDown UIInterfaceOrientationLandscapeLeft UIInterfaceOrientationLandscapeRight";
				INFOPLIST_KEY_UISupportedInterfaceOrientations_iPhone = "UIInterfaceOrientationPortrait UIInterfaceOrientationLandscapeLeft UIInterfaceOrientationLandscapeRight";
				IPHONEOS_DEPLOYMENT_TARGET = 15.5;
				LD_RUNPATH_SEARCH_PATHS = (
					"$(inherited)",
					"@executable_path/Frameworks",
				);
				MARKETING_VERSION = 1.0;
				PRODUCT_BUNDLE_IDENTIFIER = AlexanderStrokov.LearnText;
				PRODUCT_NAME = LearnText;
				SDKROOT = iphoneos;
				SWIFT_EMIT_LOC_STRINGS = YES;
				SWIFT_VERSION = 5.0;
				TARGETED_DEVICE_FAMILY = "1,2";
				VALIDATE_PRODUCT = YES;
			};
			name = Release;
		};
		3264CA4129EC111E00BCEA74 /* Debug */ = {
			isa = XCBuildConfiguration;
			buildSettings = {
				ASSETCATALOG_COMPILER_APPICON_NAME = AppIcon;
				ASSETCATALOG_COMPILER_GLOBAL_ACCENT_COLOR_NAME = AccentColor;
				CODE_SIGN_ENTITLEMENTS = macOS/macOS.entitlements;
				CODE_SIGN_STYLE = Automatic;
				COMBINE_HIDPI_IMAGES = YES;
				CURRENT_PROJECT_VERSION = 1;
				DEAD_CODE_STRIPPING = YES;
				DEVELOPMENT_TEAM = WH8STN6L85;
				ENABLE_HARDENED_RUNTIME = YES;
				ENABLE_PREVIEWS = YES;
				GENERATE_INFOPLIST_FILE = YES;
				INFOPLIST_KEY_NSHumanReadableCopyright = "";
				LD_RUNPATH_SEARCH_PATHS = (
					"$(inherited)",
					"@executable_path/../Frameworks",
				);
				MACOSX_DEPLOYMENT_TARGET = 12.3;
				MARKETING_VERSION = 1.0;
				PRODUCT_BUNDLE_IDENTIFIER = AlexanderStrokov.LearnText;
				PRODUCT_NAME = LearnText;
				SDKROOT = macosx;
				SWIFT_EMIT_LOC_STRINGS = YES;
				SWIFT_VERSION = 5.0;
			};
			name = Debug;
		};
		3264CA4229EC111E00BCEA74 /* Release */ = {
			isa = XCBuildConfiguration;
			buildSettings = {
				ASSETCATALOG_COMPILER_APPICON_NAME = AppIcon;
				ASSETCATALOG_COMPILER_GLOBAL_ACCENT_COLOR_NAME = AccentColor;
				CODE_SIGN_ENTITLEMENTS = macOS/macOS.entitlements;
				CODE_SIGN_STYLE = Automatic;
				COMBINE_HIDPI_IMAGES = YES;
				CURRENT_PROJECT_VERSION = 1;
				DEAD_CODE_STRIPPING = YES;
				DEVELOPMENT_TEAM = WH8STN6L85;
				ENABLE_HARDENED_RUNTIME = YES;
				ENABLE_PREVIEWS = YES;
				GENERATE_INFOPLIST_FILE = YES;
				INFOPLIST_KEY_NSHumanReadableCopyright = "";
				LD_RUNPATH_SEARCH_PATHS = (
					"$(inherited)",
					"@executable_path/../Frameworks",
				);
				MACOSX_DEPLOYMENT_TARGET = 12.3;
				MARKETING_VERSION = 1.0;
				PRODUCT_BUNDLE_IDENTIFIER = AlexanderStrokov.LearnText;
				PRODUCT_NAME = LearnText;
				SDKROOT = macosx;
				SWIFT_EMIT_LOC_STRINGS = YES;
				SWIFT_VERSION = 5.0;
			};
			name = Release;
		};
/* End XCBuildConfiguration section */

/* Begin XCConfigurationList section */
		3264CA2329EC111A00BCEA74 /* Build configuration list for PBXProject "LearnText" */ = {
			isa = XCConfigurationList;
			buildConfigurations = (
				3264CA3B29EC111E00BCEA74 /* Debug */,
				3264CA3C29EC111E00BCEA74 /* Release */,
			);
			defaultConfigurationIsVisible = 0;
			defaultConfigurationName = Release;
		};
		3264CA3D29EC111E00BCEA74 /* Build configuration list for PBXNativeTarget "LearnText (iOS)" */ = {
			isa = XCConfigurationList;
			buildConfigurations = (
				3264CA3E29EC111E00BCEA74 /* Debug */,
				3264CA3F29EC111E00BCEA74 /* Release */,
			);
			defaultConfigurationIsVisible = 0;
			defaultConfigurationName = Release;
		};
		3264CA4029EC111E00BCEA74 /* Build configuration list for PBXNativeTarget "LearnText (macOS)" */ = {
			isa = XCConfigurationList;
			buildConfigurations = (
				3264CA4129EC111E00BCEA74 /* Debug */,
				3264CA4229EC111E00BCEA74 /* Release */,
			);
			defaultConfigurationIsVisible = 0;
			defaultConfigurationName = Release;
		};
/* End XCConfigurationList section */
	};
	rootObject = 3264CA2029EC111A00BCEA74 /* Project object */;
}
